Microsoft Visual Studio Solution File, Format Version 12.00
# Visual Studio 2012
Project("{FAE04EC0-301F-11D3-BF4B-00C04F79EFBC}") = "UDA", "UDA.csproj", "{7CE1E1F5-7F53-4EBD-9133-A3302AC4CF53}"
EndProject
Project("{FAE04EC0-301F-11D3-BF4B-00C04F79EFBC}") = "Tests", "Tests\Tests.csproj", "{F3A783C5-3345-4A9D-AD0B-0307FA285935}"
EndProject
Global
	GlobalSection(SolutionConfigurationPlatforms) = preSolution
	Debug|Any CPU = Debug|Any CPU
	ExportDebug|Any CPU = ExportDebug|Any CPU
	ExportRelease|Any CPU = ExportRelease|Any CPU
	EndGlobalSection
	GlobalSection(ProjectConfigurationPlatforms) = postSolution
		{7CE1E1F5-7F53-4EBD-9133-A3302AC4CF53}.Debug|Any CPU.ActiveCfg = Debug|Any CPU
		{7CE1E1F5-7F53-4EBD-9133-A3302AC4CF53}.Debug|Any CPU.Build.0 = Debug|Any CPU
		{7CE1E1F5-7F53-4EBD-9133-A3302AC4CF53}.ExportDebug|Any CPU.ActiveCfg = ExportDebug|Any CPU
		{7CE1E1F5-7F53-4EBD-9133-A3302AC4CF53}.ExportDebug|Any CPU.Build.0 = ExportDebug|Any CPU
		{7CE1E1F5-7F53-4EBD-9133-A3302AC4CF53}.ExportRelease|Any CPU.ActiveCfg = ExportRelease|Any CPU
		{7CE1E1F5-7F53-4EBD-9133-A3302AC4CF53}.ExportRelease|Any CPU.Build.0 = ExportRelease|Any CPU
		{F3A783C5-3345-4A9D-AD0B-0307FA285935}.Debug|Any CPU.ActiveCfg = Debug|Any CPU
		{F3A783C5-3345-4A9D-AD0B-0307FA285935}.Debug|Any CPU.Build.0 = Debug|Any CPU
		{F3A783C5-3345-4A9D-AD0B-0307FA285935}.ExportDebug|Any CPU.ActiveCfg = Debug|Any CPU
		{F3A783C5-3345-4A9D-AD0B-0307FA285935}.ExportDebug|Any CPU.Build.0 = Debug|Any CPU
		{F3A783C5-3345-4A9D-AD0B-0307FA285935}.ExportRelease|Any CPU.ActiveCfg = Debug|Any CPU
		{F3A783C5-3345-4A9D-AD0B-0307FA285935}.ExportRelease|Any CPU.Build.0 = Debug|Any CPU
	EndGlobalSection
	GlobalSection(NestedProjects) = preSolution
	EndGlobalSection
EndGlobal
